langcode: en
status: true
dependencies:
  config:
    - views.view.release
  module:
    - quanthub_elasticsearch
    - system
    - views
  theme:
    - quanthub_stable
id: quanthub_stable_views_block__release_block
theme: quanthub_stable
region: content
weight: 3
provider: null
plugin: 'views_block:release-block'
settings:
  id: 'views_block:release-block'
  label: ''
  label_display: visible
  provider: views
  views_label: ''
  items_per_page: none
visibility:
  request_path:
    id: request_path
    negate: false
    pages: '<front>'
